
Microsoft Visual Studio Solution File, Format Version 12.00
# Visual Studio Express 2012 for Windows Desktop
Project("{FAE04EC0-301F-11D3-BF4B-00C04F79EFBC}") = "NoughtsAndCrosses", "NoughtsAndCrosses\NoughtsAndCrosses.csproj", "{455AC20E-AAE0-4088-AD21-56DB2366494A}"
EndProject
Global
	GlobalSection(SolutionConfigurationPlatforms) = preSolution
		Debug|Any CPU = Debug|Any CPU
		Release|Any CPU = Release|Any CPU
	EndGlobalSection
	GlobalSection(ProjectConfigurationPlatforms) = postSolution
		{455AC20E-AAE0-4088-AD21-56DB2366494A}.Debug|Any CPU.ActiveCfg = Debug|Any CPU
		{455AC20E-AAE0-4088-AD21-56DB2366494A}.Debug|Any CPU.Build.0 = Debug|Any CPU
		{455AC20E-AAE0-4088-AD21-56DB2366494A}.Release|Any CPU.ActiveCfg = Release|Any CPU
		{455AC20E-AAE0-4088-AD21-56DB2366494A}.Release|Any CPU.Build.0 = Release|Any CPU
	EndGlobalSection
	GlobalSection(SolutionProperties) = preSolution
		HideSolutionNode = FALSE
	EndGlobalSection
EndGlobal
